// !$*UTF8*$!
{
	archiveVersion = 1;
	classes = {
	};
	objectVersion = 55;
	objects = {

/* Begin PBXBuildFile section */
		02892A1A2149FD5334630609 /* Pods_DeGustoSwiftUI.framework in Frameworks */ = {isa = PBXBuildFile; fileRef = 546591EE9B7B14A5D2C29185 /* Pods_DeGustoSwiftUI.framework */; };
		6011140F289D3ADA001B5E25 /* UserAutorization.swift in Sources */ = {isa = PBXBuildFile; fileRef = 6011140E289D3ADA001B5E25 /* UserAutorization.swift */; };
		601DC91328A2E1D500DFBF6F /* TotalInTheCartButton.swift in Sources */ = {isa = PBXBuildFile; fileRef = 601DC91228A2E1D500DFBF6F /* TotalInTheCartButton.swift */; };
		601DC91B28A3BA0800DFBF6F /* MapViewModel.swift in Sources */ = {isa = PBXBuildFile; fileRef = 601DC91A28A3BA0800DFBF6F /* MapViewModel.swift */; };
		601DC92028A3C4EC00DFBF6F /* MapModel.swift in Sources */ = {isa = PBXBuildFile; fileRef = 601DC91F28A3C4EC00DFBF6F /* MapModel.swift */; };
		6027053028A5101000AB0545 /* LoginView.swift in Sources */ = {isa = PBXBuildFile; fileRef = 6027052F28A5101000AB0545 /* LoginView.swift */; };
		6027053328A52B1D00AB0545 /* ProfileView.swift in Sources */ = {isa = PBXBuildFile; fileRef = 6027053228A52B1D00AB0545 /* ProfileView.swift */; };
		6027053C28A546A100AB0545 /* EmptyCartView.swift in Sources */ = {isa = PBXBuildFile; fileRef = 6027053B28A546A100AB0545 /* EmptyCartView.swift */; };
		6027053E28A549AB00AB0545 /* FullCartView.swift in Sources */ = {isa = PBXBuildFile; fileRef = 6027053D28A549AB00AB0545 /* FullCartView.swift */; };
		6027054128A552EF00AB0545 /* CheckOutView.swift in Sources */ = {isa = PBXBuildFile; fileRef = 6027054028A552EF00AB0545 /* CheckOutView.swift */; };
		6027054428A586CC00AB0545 /* CreateAccountView.swift in Sources */ = {isa = PBXBuildFile; fileRef = 6027054328A586CC00AB0545 /* CreateAccountView.swift */; };
		6027054628A6E66300AB0545 /* MenuView.swift in Sources */ = {isa = PBXBuildFile; fileRef = 6027054528A6E66300AB0545 /* MenuView.swift */; };
		6027054928A7EBF900AB0545 /* OvalTextFieldStyle.swift in Sources */ = {isa = PBXBuildFile; fileRef = 6027054828A7EBF900AB0545 /* OvalTextFieldStyle.swift */; };
		604BDF3F28A0F534008DE572 /* CartButton.swift in Sources */ = {isa = PBXBuildFile; fileRef = 604BDF3E28A0F534008DE572 /* CartButton.swift */; };
		604BDF4228A10842008DE572 /* CartViewModel.swift in Sources */ = {isa = PBXBuildFile; fileRef = 604BDF4128A10841008DE572 /* CartViewModel.swift */; };
		604BDF4428A11389008DE572 /* CartModel.swift in Sources */ = {isa = PBXBuildFile; fileRef = 604BDF4328A11389008DE572 /* CartModel.swift */; };
		605AD79028B23181009D54B9 /* ImagePicker.swift in Sources */ = {isa = PBXBuildFile; fileRef = 605AD78F28B23181009D54B9 /* ImagePicker.swift */; };
		606EF55528B3C90300D2B115 /* ProfileTextFieldView.swift in Sources */ = {isa = PBXBuildFile; fileRef = 606EF55428B3C90300D2B115 /* ProfileTextFieldView.swift */; };
		606EF55728B3D3C800D2B115 /* ProfileModelForListView.swift in Sources */ = {isa = PBXBuildFile; fileRef = 606EF55628B3D3C800D2B115 /* ProfileModelForListView.swift */; };
		607290272897AE0300C6479E /* DeGustoSwiftUIApp.swift in Sources */ = {isa = PBXBuildFile; fileRef = 607290262897AE0300C6479E /* DeGustoSwiftUIApp.swift */; };
		607290292897AE0300C6479E /* ContentView.swift in Sources */ = {isa = PBXBuildFile; fileRef = 607290282897AE0300C6479E /* ContentView.swift */; };
		6072902B2897AE0500C6479E /* Assets.xcassets in Resources */ = {isa = PBXBuildFile; fileRef = 6072902A2897AE0500C6479E /* Assets.xcassets */; };
		6072902E2897AE0500C6479E /* Preview Assets.xcassets in Resources */ = {isa = PBXBuildFile; fileRef = 6072902D2897AE0500C6479E /* Preview Assets.xcassets */; };
		607290382898EDF800C6479E /* MapView.swift in Sources */ = {isa = PBXBuildFile; fileRef = 607290372898EDF700C6479E /* MapView.swift */; };
		6072903A289901AE00C6479E /* GoogleService-Info.plist in Resources */ = {isa = PBXBuildFile; fileRef = 60729039289901AE00C6479E /* GoogleService-Info.plist */; };
		608523B9289C2CD200BFF8BB /* MenuScrollView.swift in Sources */ = {isa = PBXBuildFile; fileRef = 608523B8289C2CD200BFF8BB /* MenuScrollView.swift */; };
		608523BB289D1B7000BFF8BB /* FaveButton.swift in Sources */ = {isa = PBXBuildFile; fileRef = 608523BA289D1B7000BFF8BB /* FaveButton.swift */; };
		608523BD289D24E700BFF8BB /* MenuViewModelExtFaveButton.swift in Sources */ = {isa = PBXBuildFile; fileRef = 608523BC289D24E700BFF8BB /* MenuViewModelExtFaveButton.swift */; };
		60ABEEFD28ABECF80094CFFE /* ProfileViewModel.swift in Sources */ = {isa = PBXBuildFile; fileRef = 60ABEEFC28ABECF80094CFFE /* ProfileViewModel.swift */; };
		60BFCC7C28B60ADC00DBB2E9 /* ChangePasswordView.swift in Sources */ = {isa = PBXBuildFile; fileRef = 60BFCC7B28B60ADC00DBB2E9 /* ChangePasswordView.swift */; };
		60BFCC7E28B613DE00DBB2E9 /* AlertWithTextField.swift in Sources */ = {isa = PBXBuildFile; fileRef = 60BFCC7D28B613DE00DBB2E9 /* AlertWithTextField.swift */; };
		60BFCC8028B6420600DBB2E9 /* ViewExtension.swift in Sources */ = {isa = PBXBuildFile; fileRef = 60BFCC7F28B6420600DBB2E9 /* ViewExtension.swift */; };
		60BFCC8428B7CB8000DBB2E9 /* OrderModel.swift in Sources */ = {isa = PBXBuildFile; fileRef = 60BFCC8328B7CB8000DBB2E9 /* OrderModel.swift */; };
		60BFCC8728B7CDF300DBB2E9 /* CheckOutViewModel.swift in Sources */ = {isa = PBXBuildFile; fileRef = 60BFCC8628B7CDF300DBB2E9 /* CheckOutViewModel.swift */; };
		60BFCC8928B7DBE600DBB2E9 /* FirebaseKeys.swift in Sources */ = {isa = PBXBuildFile; fileRef = 60BFCC8828B7DBE500DBB2E9 /* FirebaseKeys.swift */; };
		60BFCC8B28B7FCFE00DBB2E9 /* CheckOutViewExtension.swift in Sources */ = {isa = PBXBuildFile; fileRef = 60BFCC8A28B7FCFE00DBB2E9 /* CheckOutViewExtension.swift */; };
		60CBB65928ABF80D006E46CB /* ProfileModel.swift in Sources */ = {isa = PBXBuildFile; fileRef = 60CBB65828ABF80D006E46CB /* ProfileModel.swift */; };
		60D84A6E2899913C0070D042 /* MenuViewModel.swift in Sources */ = {isa = PBXBuildFile; fileRef = 60D84A6D2899913C0070D042 /* MenuViewModel.swift */; };
		60D84A70289A555D0070D042 /* SliderImageModel.swift in Sources */ = {isa = PBXBuildFile; fileRef = 60D84A6F289A555D0070D042 /* SliderImageModel.swift */; };
		60D84A77289A75B10070D042 /* MenuModel.swift in Sources */ = {isa = PBXBuildFile; fileRef = 60D84A76289A75B10070D042 /* MenuModel.swift */; };
		60D84A79289A8BDD0070D042 /* SliderImagesViewModel.swift in Sources */ = {isa = PBXBuildFile; fileRef = 60D84A78289A8BDD0070D042 /* SliderImagesViewModel.swift */; };
		60D84A7D289C20C10070D042 /* MenuTableView.swift in Sources */ = {isa = PBXBuildFile; fileRef = 60D84A7C289C20C10070D042 /* MenuTableView.swift */; };
/* End PBXBuildFile section */

/* Begin PBXFileReference section */
		546591EE9B7B14A5D2C29185 /* Pods_DeGustoSwiftUI.framework */ = {isa = PBXFileReference; explicitFileType = wrapper.framework; includeInIndex = 0; path = Pods_DeGustoSwiftUI.framework; sourceTree = BUILT_PRODUCTS_DIR; };
		6011140E289D3ADA001B5E25 /* UserAutorization.swift */ = {isa = PBXFileReference; lastKnownFileType = sourcecode.swift; path = UserAutorization.swift; sourceTree = "<group>"; };
		601DC91228A2E1D500DFBF6F /* TotalInTheCartButton.swift */ = {isa = PBXFileReference; lastKnownFileType = sourcecode.swift; path = TotalInTheCartButton.swift; sourceTree = "<group>"; };
		601DC91A28A3BA0800DFBF6F /* MapViewModel.swift */ = {isa = PBXFileReference; lastKnownFileType = sourcecode.swift; path = MapViewModel.swift; sourceTree = "<group>"; };
		601DC91F28A3C4EC00DFBF6F /* MapModel.swift */ = {isa = PBXFileReference; lastKnownFileType = sourcecode.swift; path = MapModel.swift; sourceTree = "<group>"; };
		6027052F28A5101000AB0545 /* LoginView.swift */ = {isa = PBXFileReference; lastKnownFileType = sourcecode.swift; path = LoginView.swift; sourceTree = "<group>"; };
		6027053228A52B1D00AB0545 /* ProfileView.swift */ = {isa = PBXFileReference; lastKnownFileType = sourcecode.swift; path = ProfileView.swift; sourceTree = "<group>"; };
		6027053B28A546A100AB0545 /* EmptyCartView.swift */ = {isa = PBXFileReference; lastKnownFileType = sourcecode.swift; path = EmptyCartView.swift; sourceTree = "<group>"; };
		6027053D28A549AB00AB0545 /* FullCartView.swift */ = {isa = PBXFileReference; lastKnownFileType = sourcecode.swift; path = FullCartView.swift; sourceTree = "<group>"; };
		6027054028A552EF00AB0545 /* CheckOutView.swift */ = {isa = PBXFileReference; lastKnownFileType = sourcecode.swift; path = CheckOutView.swift; sourceTree = "<group>"; };
		6027054328A586CC00AB0545 /* CreateAccountView.swift */ = {isa = PBXFileReference; lastKnownFileType = sourcecode.swift; path = CreateAccountView.swift; sourceTree = "<group>"; };
		6027054528A6E66300AB0545 /* MenuView.swift */ = {isa = PBXFileReference; lastKnownFileType = sourcecode.swift; path = MenuView.swift; sourceTree = "<group>"; };
		6027054828A7EBF900AB0545 /* OvalTextFieldStyle.swift */ = {isa = PBXFileReference; lastKnownFileType = sourcecode.swift; path = OvalTextFieldStyle.swift; sourceTree = "<group>"; };
		604BDF3E28A0F534008DE572 /* CartButton.swift */ = {isa = PBXFileReference; lastKnownFileType = sourcecode.swift; path = CartButton.swift; sourceTree = "<group>"; };
		604BDF4128A10841008DE572 /* CartViewModel.swift */ = {isa = PBXFileReference; lastKnownFileType = sourcecode.swift; path = CartViewModel.swift; sourceTree = "<group>"; };
		604BDF4328A11389008DE572 /* CartModel.swift */ = {isa = PBXFileReference; lastKnownFileType = sourcecode.swift; path = CartModel.swift; sourceTree = "<group>"; };
		605AD78F28B23181009D54B9 /* ImagePicker.swift */ = {isa = PBXFileReference; lastKnownFileType = sourcecode.swift; path = ImagePicker.swift; sourceTree = "<group>"; };
		606EF55428B3C90300D2B115 /* ProfileTextFieldView.swift */ = {isa = PBXFileReference; lastKnownFileType = sourcecode.swift; path = ProfileTextFieldView.swift; sourceTree = "<group>"; };
		606EF55628B3D3C800D2B115 /* ProfileModelForListView.swift */ = {isa = PBXFileReference; fileEncoding = 4; lastKnownFileType = sourcecode.swift; path = ProfileModelForListView.swift; sourceTree = "<group>"; };
		607290232897AE0300C6479E /* DeGustoSwiftUI.app */ = {isa = PBXFileReference; explicitFileType = wrapper.application; includeInIndex = 0; path = DeGustoSwiftUI.app; sourceTree = BUILT_PRODUCTS_DIR; };
		607290262897AE0300C6479E /* DeGustoSwiftUIApp.swift */ = {isa = PBXFileReference; lastKnownFileType = sourcecode.swift; path = DeGustoSwiftUIApp.swift; sourceTree = "<group>"; };
		607290282897AE0300C6479E /* ContentView.swift */ = {isa = PBXFileReference; lastKnownFileType = sourcecode.swift; path = ContentView.swift; sourceTree = "<group>"; };
		6072902A2897AE0500C6479E /* Assets.xcassets */ = {isa = PBXFileReference; lastKnownFileType = folder.assetcatalog; path = Assets.xcassets; sourceTree = "<group>"; };
		6072902D2897AE0500C6479E /* Preview Assets.xcassets */ = {isa = PBXFileReference; lastKnownFileType = folder.assetcatalog; path = "Preview Assets.xcassets"; sourceTree = "<group>"; };
		607290372898EDF700C6479E /* MapView.swift */ = {isa = PBXFileReference; lastKnownFileType = sourcecode.swift; path = MapView.swift; sourceTree = "<group>"; };
		60729039289901AE00C6479E /* GoogleService-Info.plist */ = {isa = PBXFileReference; fileEncoding = 4; lastKnownFileType = text.plist.xml; path = "GoogleService-Info.plist"; sourceTree = "<group>"; };
		608523B8289C2CD200BFF8BB /* MenuScrollView.swift */ = {isa = PBXFileReference; lastKnownFileType = sourcecode.swift; path = MenuScrollView.swift; sourceTree = "<group>"; };
		608523BA289D1B7000BFF8BB /* FaveButton.swift */ = {isa = PBXFileReference; lastKnownFileType = sourcecode.swift; path = FaveButton.swift; sourceTree = "<group>"; };
		608523BC289D24E700BFF8BB /* MenuViewModelExtFaveButton.swift */ = {isa = PBXFileReference; lastKnownFileType = sourcecode.swift; path = MenuViewModelExtFaveButton.swift; sourceTree = "<group>"; };
		60ABEEFC28ABECF80094CFFE /* ProfileViewModel.swift */ = {isa = PBXFileReference; lastKnownFileType = sourcecode.swift; path = ProfileViewModel.swift; sourceTree = "<group>"; };
		60BFCC7B28B60ADC00DBB2E9 /* ChangePasswordView.swift */ = {isa = PBXFileReference; lastKnownFileType = sourcecode.swift; path = ChangePasswordView.swift; sourceTree = "<group>"; };
		60BFCC7D28B613DE00DBB2E9 /* AlertWithTextField.swift */ = {isa = PBXFileReference; fileEncoding = 4; lastKnownFileType = sourcecode.swift; path = AlertWithTextField.swift; sourceTree = "<group>"; };
		60BFCC7F28B6420600DBB2E9 /* ViewExtension.swift */ = {isa = PBXFileReference; lastKnownFileType = sourcecode.swift; path = ViewExtension.swift; sourceTree = "<group>"; };
		60BFCC8328B7CB8000DBB2E9 /* OrderModel.swift */ = {isa = PBXFileReference; lastKnownFileType = sourcecode.swift; path = OrderModel.swift; sourceTree = "<group>"; };
		60BFCC8628B7CDF300DBB2E9 /* CheckOutViewModel.swift */ = {isa = PBXFileReference; lastKnownFileType = sourcecode.swift; path = CheckOutViewModel.swift; sourceTree = "<group>"; };
		60BFCC8828B7DBE500DBB2E9 /* FirebaseKeys.swift */ = {isa = PBXFileReference; lastKnownFileType = sourcecode.swift; path = FirebaseKeys.swift; sourceTree = "<group>"; };
		60BFCC8A28B7FCFE00DBB2E9 /* CheckOutViewExtension.swift */ = {isa = PBXFileReference; lastKnownFileType = sourcecode.swift; path = CheckOutViewExtension.swift; sourceTree = "<group>"; };
		60CBB65828ABF80D006E46CB /* ProfileModel.swift */ = {isa = PBXFileReference; lastKnownFileType = sourcecode.swift; path = ProfileModel.swift; sourceTree = "<group>"; };
		60D84A6D2899913C0070D042 /* MenuViewModel.swift */ = {isa = PBXFileReference; lastKnownFileType = sourcecode.swift; path = MenuViewModel.swift; sourceTree = "<group>"; };
		60D84A6F289A555D0070D042 /* SliderImageModel.swift */ = {isa = PBXFileReference; lastKnownFileType = sourcecode.swift; path = SliderImageModel.swift; sourceTree = "<group>"; };
		60D84A76289A75B10070D042 /* MenuModel.swift */ = {isa = PBXFileReference; lastKnownFileType = sourcecode.swift; path = MenuModel.swift; sourceTree = "<group>"; };
		60D84A78289A8BDD0070D042 /* SliderImagesViewModel.swift */ = {isa = PBXFileReference; lastKnownFileType = sourcecode.swift; path = SliderImagesViewModel.swift; sourceTree = "<group>"; };
		60D84A7C289C20C10070D042 /* MenuTableView.swift */ = {isa = PBXFileReference; lastKnownFileType = sourcecode.swift; path = MenuTableView.swift; sourceTree = "<group>"; };
		8D1782FE44344DEDE14998CE /* Pods-DeGustoSwiftUI.release.xcconfig */ = {isa = PBXFileReference; includeInIndex = 1; lastKnownFileType = text.xcconfig; name = "Pods-DeGustoSwiftUI.release.xcconfig"; path = "Target Support Files/Pods-DeGustoSwiftUI/Pods-DeGustoSwiftUI.release.xcconfig"; sourceTree = "<group>"; };
		B9310117675DB8F7A77E5E8E /* Pods-DeGustoSwiftUI.debug.xcconfig */ = {isa = PBXFileReference; includeInIndex = 1; lastKnownFileType = text.xcconfig; name = "Pods-DeGustoSwiftUI.debug.xcconfig"; path = "Target Support Files/Pods-DeGustoSwiftUI/Pods-DeGustoSwiftUI.debug.xcconfig"; sourceTree = "<group>"; };
/* End PBXFileReference section */

/* Begin PBXFrameworksBuildPhase section */
		607290202897AE0300C6479E /* Frameworks */ = {
			isa = PBXFrameworksBuildPhase;
			buildActionMask = 2147483647;
			files = (
				02892A1A2149FD5334630609 /* Pods_DeGustoSwiftUI.framework in Frameworks */,
			);
			runOnlyForDeploymentPostprocessing = 0;
		};
/* End PBXFrameworksBuildPhase section */

/* Begin PBXGroup section */
		21A34FCFDC50657EDF609819 /* Frameworks */ = {
			isa = PBXGroup;
			children = (
				546591EE9B7B14A5D2C29185 /* Pods_DeGustoSwiftUI.framework */,
			);
			name = Frameworks;
			sourceTree = "<group>";
		};
		3678DF431E1D917B0B82B39C /* Pods */ = {
			isa = PBXGroup;
			children = (
				B9310117675DB8F7A77E5E8E /* Pods-DeGustoSwiftUI.debug.xcconfig */,
				8D1782FE44344DEDE14998CE /* Pods-DeGustoSwiftUI.release.xcconfig */,
			);
			path = Pods;
			sourceTree = "<group>";
		};
		601DC91828A3B9D900DFBF6F /* MenuViewModel */ = {
			isa = PBXGroup;
			children = (
				60D84A6D2899913C0070D042 /* MenuViewModel.swift */,
				60D84A78289A8BDD0070D042 /* SliderImagesViewModel.swift */,
				608523BC289D24E700BFF8BB /* MenuViewModelExtFaveButton.swift */,
			);
			path = MenuViewModel;
			sourceTree = "<group>";
		};
		601DC91928A3B9E700DFBF6F /* MapViewModel */ = {
			isa = PBXGroup;
			children = (
				601DC91A28A3BA0800DFBF6F /* MapViewModel.swift */,
			);
			path = MapViewModel;
			sourceTree = "<group>";
		};
		601DC91C28A3C4BC00DFBF6F /* MenuModel */ = {
			isa = PBXGroup;
			children = (
				60D84A6F289A555D0070D042 /* SliderImageModel.swift */,
				60D84A76289A75B10070D042 /* MenuModel.swift */,
			);
			path = MenuModel;
			sourceTree = "<group>";
		};
		601DC91D28A3C4CC00DFBF6F /* CartModel */ = {
			isa = PBXGroup;
			children = (
				604BDF4328A11389008DE572 /* CartModel.swift */,
			);
			path = CartModel;
			sourceTree = "<group>";
		};
		601DC91E28A3C4D700DFBF6F /* MapModel */ = {
			isa = PBXGroup;
			children = (
				601DC91F28A3C4EC00DFBF6F /* MapModel.swift */,
			);
			path = MapModel;
			sourceTree = "<group>";
		};
		6027052D28A50FDD00AB0545 /* Profile */ = {
			isa = PBXGroup;
			children = (
				6027053228A52B1D00AB0545 /* ProfileView.swift */,
				606EF55428B3C90300D2B115 /* ProfileTextFieldView.swift */,
			);
			path = Profile;
			sourceTree = "<group>";
		};
		6027052E28A50FE600AB0545 /* LogIn */ = {
			isa = PBXGroup;
			children = (
				6027052F28A5101000AB0545 /* LoginView.swift */,
			);
			path = LogIn;
			sourceTree = "<group>";
		};
		6027053428A52EDF00AB0545 /* ProfileViewModel */ = {
			isa = PBXGroup;
			children = (
				60ABEEFC28ABECF80094CFFE /* ProfileViewModel.swift */,
			);
			path = ProfileViewModel;
			sourceTree = "<group>";
		};
		6027053728A5465700AB0545 /* Cart */ = {
			isa = PBXGroup;
			children = (
				6027053A28A5468700AB0545 /* FullCart */,
				6027053828A5467600AB0545 /* EmpryCart */,
			);
			path = Cart;
			sourceTree = "<group>";
		};
		6027053828A5467600AB0545 /* EmpryCart */ = {
			isa = PBXGroup;
			children = (
				6027053B28A546A100AB0545 /* EmptyCartView.swift */,
			);
			path = EmpryCart;
			sourceTree = "<group>";
		};
		6027053A28A5468700AB0545 /* FullCart */ = {
			isa = PBXGroup;
			children = (
				6027053D28A549AB00AB0545 /* FullCartView.swift */,
			);
			path = FullCart;
			sourceTree = "<group>";
		};
		6027053F28A552DB00AB0545 /* CheckOut */ = {
			isa = PBXGroup;
			children = (
				6027054028A552EF00AB0545 /* CheckOutView.swift */,
				60BFCC8A28B7FCFE00DBB2E9 /* CheckOutViewExtension.swift */,
			);
			path = CheckOut;
			sourceTree = "<group>";
		};
		6027054228A586B000AB0545 /* CreateAccount */ = {
			isa = PBXGroup;
			children = (
				6027054328A586CC00AB0545 /* CreateAccountView.swift */,
			);
			path = CreateAccount;
			sourceTree = "<group>";
		};
		6027054728A7EB2C00AB0545 /* Components */ = {
			isa = PBXGroup;
			children = (
				60BFCC7D28B613DE00DBB2E9 /* AlertWithTextField.swift */,
				6027054828A7EBF900AB0545 /* OvalTextFieldStyle.swift */,
				605AD78F28B23181009D54B9 /* ImagePicker.swift */,
				60BFCC7F28B6420600DBB2E9 /* ViewExtension.swift */,
			);
			path = Components;
			sourceTree = "<group>";
		};
		604BDF4028A0FE44008DE572 /* Map */ = {
			isa = PBXGroup;
			children = (
				607290372898EDF700C6479E /* MapView.swift */,
			);
			path = Map;
			sourceTree = "<group>";
		};
		6072901A2897AE0300C6479E = {
			isa = PBXGroup;
			children = (
				607290252897AE0300C6479E /* DeGustoSwiftUI */,
				607290242897AE0300C6479E /* Products */,
				3678DF431E1D917B0B82B39C /* Pods */,
				21A34FCFDC50657EDF609819 /* Frameworks */,
			);
			sourceTree = "<group>";
		};
		607290242897AE0300C6479E /* Products */ = {
			isa = PBXGroup;
			children = (
				607290232897AE0300C6479E /* DeGustoSwiftUI.app */,
			);
			name = Products;
			sourceTree = "<group>";
		};
		607290252897AE0300C6479E /* DeGustoSwiftUI */ = {
			isa = PBXGroup;
			children = (
				607290362897B0E400C6479E /* ViewModel */,
				607290352897B0DC00C6479E /* Model */,
				607290262897AE0300C6479E /* DeGustoSwiftUIApp.swift */,
				607290342897B0D000C6479E /* View */,
				6072902A2897AE0500C6479E /* Assets.xcassets */,
				6072902C2897AE0500C6479E /* Preview Content */,
				60729039289901AE00C6479E /* GoogleService-Info.plist */,
			);
			path = DeGustoSwiftUI;
			sourceTree = "<group>";
		};
		6072902C2897AE0500C6479E /* Preview Content */ = {
			isa = PBXGroup;
			children = (
				6072902D2897AE0500C6479E /* Preview Assets.xcassets */,
			);
			path = "Preview Content";
			sourceTree = "<group>";
		};
		607290342897B0D000C6479E /* View */ = {
			isa = PBXGroup;
			children = (
				60BFCC7A28B60AC500DBB2E9 /* ChangePassword */,
				607290282897AE0300C6479E /* ContentView.swift */,
				6027054728A7EB2C00AB0545 /* Components */,
				6027054228A586B000AB0545 /* CreateAccount */,
				6027053F28A552DB00AB0545 /* CheckOut */,
				6027053728A5465700AB0545 /* Cart */,
				6027052E28A50FE600AB0545 /* LogIn */,
				6027052D28A50FDD00AB0545 /* Profile */,
				60D84A71289A64FC0070D042 /* Menu */,
				604BDF4028A0FE44008DE572 /* Map */,
			);
			path = View;
			sourceTree = "<group>";
		};
		607290352897B0DC00C6479E /* Model */ = {
			isa = PBXGroup;
			children = (
				60BFCC8228B7CB6E00DBB2E9 /* OrderModel */,
				60ABEEFB28ABECB20094CFFE /* ProfileModel */,
				601DC91E28A3C4D700DFBF6F /* MapModel */,
				601DC91C28A3C4BC00DFBF6F /* MenuModel */,
				601DC91D28A3C4CC00DFBF6F /* CartModel */,
				60BFCC8828B7DBE500DBB2E9 /* FirebaseKeys.swift */,
			);
			path = Model;
			sourceTree = "<group>";
		};
		607290362897B0E400C6479E /* ViewModel */ = {
			isa = PBXGroup;
			children = (
				60BFCC8528B7CDB300DBB2E9 /* CheckOutViewModel */,
				6027053428A52EDF00AB0545 /* ProfileViewModel */,
				601DC91928A3B9E700DFBF6F /* MapViewModel */,
				601DC91828A3B9D900DFBF6F /* MenuViewModel */,
				60ABEEF828AAA7340094CFFE /* AuthViewModel */,
				60BFCC8128B6BD2100DBB2E9 /* CartViewModel */,
			);
			path = ViewModel;
			sourceTree = "<group>";
		};
		60ABEEF828AAA7340094CFFE /* AuthViewModel */ = {
			isa = PBXGroup;
			children = (
				6011140E289D3ADA001B5E25 /* UserAutorization.swift */,
			);
			path = AuthViewModel;
			sourceTree = "<group>";
		};
		60ABEEFB28ABECB20094CFFE /* ProfileModel */ = {
			isa = PBXGroup;
			children = (
				606EF55628B3D3C800D2B115 /* ProfileModelForListView.swift */,
				60CBB65828ABF80D006E46CB /* ProfileModel.swift */,
			);
			path = ProfileModel;
			sourceTree = "<group>";
		};
		60BFCC7A28B60AC500DBB2E9 /* ChangePassword */ = {
			isa = PBXGroup;
			children = (
				60BFCC7B28B60ADC00DBB2E9 /* ChangePasswordView.swift */,
			);
			path = ChangePassword;
			sourceTree = "<group>";
		};
		60BFCC8128B6BD2100DBB2E9 /* CartViewModel */ = {
			isa = PBXGroup;
			children = (
				604BDF4128A10841008DE572 /* CartViewModel.swift */,
			);
			path = CartViewModel;
			sourceTree = "<group>";
		};
		60BFCC8228B7CB6E00DBB2E9 /* OrderModel */ = {
			isa = PBXGroup;
			children = (
				60BFCC8328B7CB8000DBB2E9 /* OrderModel.swift */,
			);
			path = OrderModel;
			sourceTree = "<group>";
		};
		60BFCC8528B7CDB300DBB2E9 /* CheckOutViewModel */ = {
			isa = PBXGroup;
			children = (
				60BFCC8628B7CDF300DBB2E9 /* CheckOutViewModel.swift */,
			);
			path = CheckOutViewModel;
			sourceTree = "<group>";
		};
		60D84A71289A64FC0070D042 /* Menu */ = {
			isa = PBXGroup;
			children = (
				6027054528A6E66300AB0545 /* MenuView.swift */,
				60D84A7C289C20C10070D042 /* MenuTableView.swift */,
				608523B8289C2CD200BFF8BB /* MenuScrollView.swift */,
				608523BA289D1B7000BFF8BB /* FaveButton.swift */,
				604BDF3E28A0F534008DE572 /* CartButton.swift */,
				601DC91228A2E1D500DFBF6F /* TotalInTheCartButton.swift */,
			);
			path = Menu;
			sourceTree = "<group>";
		};
/* End PBXGroup section */

/* Begin PBXNativeTarget section */
		607290222897AE0300C6479E /* DeGustoSwiftUI */ = {
			isa = PBXNativeTarget;
			buildConfigurationList = 607290312897AE0500C6479E /* Build configuration list for PBXNativeTarget "DeGustoSwiftUI" */;
			buildPhases = (
				CFD493ECC70A2B873BF79A71 /* [CP] Check Pods Manifest.lock */,
				6072901F2897AE0300C6479E /* Sources */,
				607290202897AE0300C6479E /* Frameworks */,
				607290212897AE0300C6479E /* Resources */,
				491FFE5F8B91850124A9DA99 /* [CP] Embed Pods Frameworks */,
			);
			buildRules = (
			);
			dependencies = (
			);
			name = DeGustoSwiftUI;
			productName = DeGustoSwiftUI;
			productReference = 607290232897AE0300C6479E /* DeGustoSwiftUI.app */;
			productType = "com.apple.product-type.application";
		};
/* End PBXNativeTarget section */

/* Begin PBXProject section */
		6072901B2897AE0300C6479E /* Project object */ = {
			isa = PBXProject;
			attributes = {
				BuildIndependentTargetsInParallel = 1;
				LastSwiftUpdateCheck = 1330;
				LastUpgradeCheck = 1330;
				TargetAttributes = {
					607290222897AE0300C6479E = {
						CreatedOnToolsVersion = 13.3.1;
					};
				};
			};
			buildConfigurationList = 6072901E2897AE0300C6479E /* Build configuration list for PBXProject "DeGustoSwiftUI" */;
			compatibilityVersion = "Xcode 13.0";
			developmentRegion = en;
			hasScannedForEncodings = 0;
			knownRegions = (
				en,
				Base,
			);
			mainGroup = 6072901A2897AE0300C6479E;
			productRefGroup = 607290242897AE0300C6479E /* Products */;
			projectDirPath = "";
			projectRoot = "";
			targets = (
				607290222897AE0300C6479E /* DeGustoSwiftUI */,
			);
		};
/* End PBXProject section */

/* Begin PBXResourcesBuildPhase section */
		607290212897AE0300C6479E /* Resources */ = {
			isa = PBXResourcesBuildPhase;
			buildActionMask = 2147483647;
			files = (
				6072902E2897AE0500C6479E /* Preview Assets.xcassets in Resources */,
				6072902B2897AE0500C6479E /* Assets.xcassets in Resources */,
				6072903A289901AE00C6479E /* GoogleService-Info.plist in Resources */,
			);
			runOnlyForDeploymentPostprocessing = 0;
		};
/* End PBXResourcesBuildPhase section */

/* Begin PBXShellScriptBuildPhase section */
		491FFE5F8B91850124A9DA99 /* [CP] Embed Pods Frameworks */ = {
			isa = PBXShellScriptBuildPhase;
			buildActionMask = 2147483647;
			files = (
			);
			inputFileListPaths = (
				"${PODS_ROOT}/Target Support Files/Pods-DeGustoSwiftUI/Pods-DeGustoSwiftUI-frameworks-${CONFIGURATION}-input-files.xcfilelist",
			);
			name = "[CP] Embed Pods Frameworks";
			outputFileListPaths = (
				"${PODS_ROOT}/Target Support Files/Pods-DeGustoSwiftUI/Pods-DeGustoSwiftUI-frameworks-${CONFIGURATION}-output-files.xcfilelist",
			);
			runOnlyForDeploymentPostprocessing = 0;
			shellPath = /bin/sh;
			shellScript = "\"${PODS_ROOT}/Target Support Files/Pods-DeGustoSwiftUI/Pods-DeGustoSwiftUI-frameworks.sh\"\n";
			showEnvVarsInLog = 0;
		};
		CFD493ECC70A2B873BF79A71 /* [CP] Check Pods Manifest.lock */ = {
			isa = PBXShellScriptBuildPhase;
			buildActionMask = 2147483647;
			files = (
			);
			inputFileListPaths = (
			);
			inputPaths = (
				"${PODS_PODFILE_DIR_PATH}/Podfile.lock",
				"${PODS_ROOT}/Manifest.lock",
			);
			name = "[CP] Check Pods Manifest.lock";
			outputFileListPaths = (
			);
			outputPaths = (
				"$(DERIVED_FILE_DIR)/Pods-DeGustoSwiftUI-checkManifestLockResult.txt",
			);
			runOnlyForDeploymentPostprocessing = 0;
			shellPath = /bin/sh;
			shellScript = "diff \"${PODS_PODFILE_DIR_PATH}/Podfile.lock\" \"${PODS_ROOT}/Manifest.lock\" > /dev/null\nif [ $? != 0 ] ; then\n    # print error to STDERR\n    echo \"error: The sandbox is not in sync with the Podfile.lock. Run 'pod install' or update your CocoaPods installation.\" >&2\n    exit 1\nfi\n# This output is used by Xcode 'outputs' to avoid re-running this script phase.\necho \"SUCCESS\" > \"${SCRIPT_OUTPUT_FILE_0}\"\n";
			showEnvVarsInLog = 0;
		};
/* End PBXShellScriptBuildPhase section */

/* Begin PBXSourcesBuildPhase section */
		6072901F2897AE0300C6479E /* Sources */ = {
			isa = PBXSourcesBuildPhase;
			buildActionMask = 2147483647;
			files = (
				6027053C28A546A100AB0545 /* EmptyCartView.swift in Sources */,
				60BFCC7C28B60ADC00DBB2E9 /* ChangePasswordView.swift in Sources */,
				607290292897AE0300C6479E /* ContentView.swift in Sources */,
				60ABEEFD28ABECF80094CFFE /* ProfileViewModel.swift in Sources */,
				608523BD289D24E700BFF8BB /* MenuViewModelExtFaveButton.swift in Sources */,
				604BDF4228A10842008DE572 /* CartViewModel.swift in Sources */,
				604BDF3F28A0F534008DE572 /* CartButton.swift in Sources */,
				60BFCC7E28B613DE00DBB2E9 /* AlertWithTextField.swift in Sources */,
				60BFCC8028B6420600DBB2E9 /* ViewExtension.swift in Sources */,
				60D84A70289A555D0070D042 /* SliderImageModel.swift in Sources */,
				607290382898EDF800C6479E /* MapView.swift in Sources */,
				6027054628A6E66300AB0545 /* MenuView.swift in Sources */,
				606EF55528B3C90300D2B115 /* ProfileTextFieldView.swift in Sources */,
				60D84A77289A75B10070D042 /* MenuModel.swift in Sources */,
				601DC91328A2E1D500DFBF6F /* TotalInTheCartButton.swift in Sources */,
				607290272897AE0300C6479E /* DeGustoSwiftUIApp.swift in Sources */,
				60D84A79289A8BDD0070D042 /* SliderImagesViewModel.swift in Sources */,
				60BFCC8428B7CB8000DBB2E9 /* OrderModel.swift in Sources */,
				60CBB65928ABF80D006E46CB /* ProfileModel.swift in Sources */,
				601DC92028A3C4EC00DFBF6F /* MapModel.swift in Sources */,
				60D84A7D289C20C10070D042 /* MenuTableView.swift in Sources */,
				6027054428A586CC00AB0545 /* CreateAccountView.swift in Sources */,
				6027053328A52B1D00AB0545 /* ProfileView.swift in Sources */,
				60D84A6E2899913C0070D042 /* MenuViewModel.swift in Sources */,
				60BFCC8728B7CDF300DBB2E9 /* CheckOutViewModel.swift in Sources */,
				604BDF4428A11389008DE572 /* CartModel.swift in Sources */,
				601DC91B28A3BA0800DFBF6F /* MapViewModel.swift in Sources */,
				605AD79028B23181009D54B9 /* ImagePicker.swift in Sources */,
				60BFCC8B28B7FCFE00DBB2E9 /* CheckOutViewExtension.swift in Sources */,
				606EF55728B3D3C800D2B115 /* ProfileModelForListView.swift in Sources */,
				6027054928A7EBF900AB0545 /* OvalTextFieldStyle.swift in Sources */,
				6011140F289D3ADA001B5E25 /* UserAutorization.swift in Sources */,
				60BFCC8928B7DBE600DBB2E9 /* FirebaseKeys.swift in Sources */,
				6027053E28A549AB00AB0545 /* FullCartView.swift in Sources */,
				6027053028A5101000AB0545 /* LoginView.swift in Sources */,
				608523B9289C2CD200BFF8BB /* MenuScrollView.swift in Sources */,
				6027054128A552EF00AB0545 /* CheckOutView.swift in Sources */,
				608523BB289D1B7000BFF8BB /* FaveButton.swift in Sources */,
			);
			runOnlyForDeploymentPostprocessing = 0;
		};
/* End PBXSourcesBuildPhase section */

/* Begin XCBuildConfiguration section */
		6072902F2897AE0500C6479E /* Debug */ = {
			isa = XCBuildConfiguration;
			buildSettings = {
				ALWAYS_SEARCH_USER_PATHS = NO;
				CLANG_ANALYZER_NONNULL = YES;
				CLANG_ANALYZER_NUMBER_OBJECT_CONVERSION = YES_AGGRESSIVE;
				CLANG_CXX_LANGUAGE_STANDARD = "gnu++17";
				CLANG_ENABLE_MODULES = YES;
				CLANG_ENABLE_OBJC_ARC = YES;
				CLANG_ENABLE_OBJC_WEAK = YES;
				CLANG_WARN_BLOCK_CAPTURE_AUTORELEASING = YES;
				CLANG_WARN_BOOL_CONVERSION = YES;
				CLANG_WARN_COMMA = YES;
				CLANG_WARN_CONSTANT_CONVERSION = YES;
				CLANG_WARN_DEPRECATED_OBJC_IMPLEMENTATIONS = YES;
				CLANG_WARN_DIRECT_OBJC_ISA_USAGE = YES_ERROR;
				CLANG_WARN_DOCUMENTATION_COMMENTS = YES;
				CLANG_WARN_EMPTY_BODY = YES;
				CLANG_WARN_ENUM_CONVERSION = YES;
				CLANG_WARN_INFINITE_RECURSION = YES;
				CLANG_WARN_INT_CONVERSION = YES;
				CLANG_WARN_NON_LITERAL_NULL_CONVERSION = YES;
				CLANG_WARN_OBJC_IMPLICIT_RETAIN_SELF = YES;
				CLANG_WARN_OBJC_LITERAL_CONVERSION = YES;
				CLANG_WARN_OBJC_ROOT_CLASS = YES_ERROR;
				CLANG_WARN_QUOTED_INCLUDE_IN_FRAMEWORK_HEADER = YES;
				CLANG_WARN_RANGE_LOOP_ANALYSIS = YES;
				CLANG_WARN_STRICT_PROTOTYPES = YES;
				CLANG_WARN_SUSPICIOUS_MOVE = YES;
				CLANG_WARN_UNGUARDED_AVAILABILITY = YES_AGGRESSIVE;
				CLANG_WARN_UNREACHABLE_CODE = YES;
				CLANG_WARN__DUPLICATE_METHOD_MATCH = YES;
				COPY_PHASE_STRIP = NO;
				DEBUG_INFORMATION_FORMAT = dwarf;
				ENABLE_STRICT_OBJC_MSGSEND = YES;
				ENABLE_TESTABILITY = YES;
				GCC_C_LANGUAGE_STANDARD = gnu11;
				GCC_DYNAMIC_NO_PIC = NO;
				GCC_NO_COMMON_BLOCKS = YES;
				GCC_OPTIMIZATION_LEVEL = 0;
				GCC_PREPROCESSOR_DEFINITIONS = (
					"DEBUG=1",
					"$(inherited)",
				);
				GCC_WARN_64_TO_32_BIT_CONVERSION = YES;
				GCC_WARN_ABOUT_RETURN_TYPE = YES_ERROR;
				GCC_WARN_UNDECLARED_SELECTOR = YES;
				GCC_WARN_UNINITIALIZED_AUTOS = YES_AGGRESSIVE;
				GCC_WARN_UNUSED_FUNCTION = YES;
				GCC_WARN_UNUSED_VARIABLE = YES;
				IPHONEOS_DEPLOYMENT_TARGET = 15.4;
				MTL_ENABLE_DEBUG_INFO = INCLUDE_SOURCE;
				MTL_FAST_MATH = YES;
				ONLY_ACTIVE_ARCH = YES;
				SDKROOT = iphoneos;
				SWIFT_ACTIVE_COMPILATION_CONDITIONS = DEBUG;
				SWIFT_OPTIMIZATION_LEVEL = "-Onone";
			};
			name = Debug;
		};
		607290302897AE0500C6479E /* Release */ = {
			isa = XCBuildConfiguration;
			buildSettings = {
				ALWAYS_SEARCH_USER_PATHS = NO;
				CLANG_ANALYZER_NONNULL = YES;
				CLANG_ANALYZER_NUMBER_OBJECT_CONVERSION = YES_AGGRESSIVE;
				CLANG_CXX_LANGUAGE_STANDARD = "gnu++17";
				CLANG_ENABLE_MODULES = YES;
				CLANG_ENABLE_OBJC_ARC = YES;
				CLANG_ENABLE_OBJC_WEAK = YES;
				CLANG_WARN_BLOCK_CAPTURE_AUTORELEASING = YES;
				CLANG_WARN_BOOL_CONVERSION = YES;
				CLANG_WARN_COMMA = YES;
				CLANG_WARN_CONSTANT_CONVERSION = YES;
				CLANG_WARN_DEPRECATED_OBJC_IMPLEMENTATIONS = YES;
				CLANG_WARN_DIRECT_OBJC_ISA_USAGE = YES_ERROR;
				CLANG_WARN_DOCUMENTATION_COMMENTS = YES;
				CLANG_WARN_EMPTY_BODY = YES;
				CLANG_WARN_ENUM_CONVERSION = YES;
				CLANG_WARN_INFINITE_RECURSION = YES;
				CLANG_WARN_INT_CONVERSION = YES;
				CLANG_WARN_NON_LITERAL_NULL_CONVERSION = YES;
				CLANG_WARN_OBJC_IMPLICIT_RETAIN_SELF = YES;
				CLANG_WARN_OBJC_LITERAL_CONVERSION = YES;
				CLANG_WARN_OBJC_ROOT_CLASS = YES_ERROR;
				CLANG_WARN_QUOTED_INCLUDE_IN_FRAMEWORK_HEADER = YES;
				CLANG_WARN_RANGE_LOOP_ANALYSIS = YES;
				CLANG_WARN_STRICT_PROTOTYPES = YES;
				CLANG_WARN_SUSPICIOUS_MOVE = YES;
				CLANG_WARN_UNGUARDED_AVAILABILITY = YES_AGGRESSIVE;
				CLANG_WARN_UNREACHABLE_CODE = YES;
				CLANG_WARN__DUPLICATE_METHOD_MATCH = YES;
				COPY_PHASE_STRIP = NO;
				DEBUG_INFORMATION_FORMAT = "dwarf-with-dsym";
				ENABLE_NS_ASSERTIONS = NO;
				ENABLE_STRICT_OBJC_MSGSEND = YES;
				GCC_C_LANGUAGE_STANDARD = gnu11;
				GCC_NO_COMMON_BLOCKS = YES;
				GCC_WARN_64_TO_32_BIT_CONVERSION = YES;
				GCC_WARN_ABOUT_RETURN_TYPE = YES_ERROR;
				GCC_WARN_UNDECLARED_SELECTOR = YES;
				GCC_WARN_UNINITIALIZED_AUTOS = YES_AGGRESSIVE;
				GCC_WARN_UNUSED_FUNCTION = YES;
				GCC_WARN_UNUSED_VARIABLE = YES;
				IPHONEOS_DEPLOYMENT_TARGET = 15.4;
				MTL_ENABLE_DEBUG_INFO = NO;
				MTL_FAST_MATH = YES;
				SDKROOT = iphoneos;
				SWIFT_COMPILATION_MODE = wholemodule;
				SWIFT_OPTIMIZATION_LEVEL = "-O";
				VALIDATE_PRODUCT = YES;
			};
			name = Release;
		};
		607290322897AE0500C6479E /* Debug */ = {
			isa = XCBuildConfiguration;
			baseConfigurationReference = B9310117675DB8F7A77E5E8E /* Pods-DeGustoSwiftUI.debug.xcconfig */;
			buildSettings = {
				ASSETCATALOG_COMPILER_APPICON_NAME = AppIcon;
				ASSETCATALOG_COMPILER_GLOBAL_ACCENT_COLOR_NAME = AccentColor;
				CODE_SIGN_STYLE = Automatic;
				CURRENT_PROJECT_VERSION = 1;
				DEVELOPMENT_ASSET_PATHS = "\"DeGustoSwiftUI/Preview Content\"";
				DEVELOPMENT_TEAM = 2V26P369L5;
				ENABLE_BITCODE = NO;
				ENABLE_PREVIEWS = YES;
				ENABLE_TESTABILITY = NO;
				GCC_NO_COMMON_BLOCKS = YES;
				GENERATE_INFOPLIST_FILE = YES;
				INFOPLIST_KEY_UIApplicationSceneManifest_Generation = YES;
				INFOPLIST_KEY_UIApplicationSupportsIndirectInputEvents = YES;
				INFOPLIST_KEY_UILaunchScreen_Generation = YES;
				INFOPLIST_KEY_UISupportedInterfaceOrientations_iPad = "UIInterfaceOrientationPortrait UIInterfaceOrientationPortraitUpsideDown UIInterfaceOrientationLandscapeLeft UIInterfaceOrientationLandscapeRight";
				INFOPLIST_KEY_UISupportedInterfaceOrientations_iPhone = "UIInterfaceOrientationPortrait UIInterfaceOrientationLandscapeLeft UIInterfaceOrientationLandscapeRight";
				LD_RUNPATH_SEARCH_PATHS = (
					"$(inherited)",
					"@executable_path/Frameworks",
				);
				MARKETING_VERSION = 1.0;
				PRODUCT_BUNDLE_IDENTIFIER = TetianaSierikova.DeGustoSwiftUI;
				PRODUCT_NAME = "$(TARGET_NAME)";
				SWIFT_EMIT_LOC_STRINGS = YES;
				SWIFT_VERSION = 5.0;
				TARGETED_DEVICE_FAMILY = 1;
			};
			name = Debug;
		};
		607290332897AE0500C6479E /* Release */ = {
			isa = XCBuildConfiguration;
			baseConfigurationReference = 8D1782FE44344DEDE14998CE /* Pods-DeGustoSwiftUI.release.xcconfig */;
			buildSettings = {
				ASSETCATALOG_COMPILER_APPICON_NAME = AppIcon;
				ASSETCATALOG_COMPILER_GLOBAL_ACCENT_COLOR_NAME = AccentColor;
				CODE_SIGN_STYLE = Automatic;
				CURRENT_PROJECT_VERSION = 1;
				DEVELOPMENT_ASSET_PATHS = "\"DeGustoSwiftUI/Preview Content\"";
				DEVELOPMENT_TEAM = 2V26P369L5;
				ENABLE_BITCODE = NO;
				ENABLE_PREVIEWS = YES;
				GCC_NO_COMMON_BLOCKS = YES;
				GENERATE_INFOPLIST_FILE = YES;
				INFOPLIST_KEY_UIApplicationSceneManifest_Generation = YES;
				INFOPLIST_KEY_UIApplicationSupportsIndirectInputEvents = YES;
				INFOPLIST_KEY_UILaunchScreen_Generation = YES;
				INFOPLIST_KEY_UISupportedInterfaceOrientations_iPad = "UIInterfaceOrientationPortrait UIInterfaceOrientationPortraitUpsideDown UIInterfaceOrientationLandscapeLeft UIInterfaceOrientationLandscapeRight";
				INFOPLIST_KEY_UISupportedInterfaceOrientations_iPhone = "UIInterfaceOrientationPortrait UIInterfaceOrientationLandscapeLeft UIInterfaceOrientationLandscapeRight";
				LD_RUNPATH_SEARCH_PATHS = (
					"$(inherited)",
					"@executable_path/Frameworks",
				);
				MARKETING_VERSION = 1.0;
				PRODUCT_BUNDLE_IDENTIFIER = TetianaSierikova.DeGustoSwiftUI;
				PRODUCT_NAME = "$(TARGET_NAME)";
				SWIFT_EMIT_LOC_STRINGS = YES;
				SWIFT_VERSION = 5.0;
				TARGETED_DEVICE_FAMILY = 1;
			};
			name = Release;
		};
/* End XCBuildConfiguration section */

/* Begin XCConfigurationList section */
		6072901E2897AE0300C6479E /* Build configuration list for PBXProject "DeGustoSwiftUI" */ = {
			isa = XCConfigurationList;
			buildConfigurations = (
				6072902F2897AE0500C6479E /* Debug */,
				607290302897AE0500C6479E /* Release */,
			);
			defaultConfigurationIsVisible = 0;
			defaultConfigurationName = Release;
		};
		607290312897AE0500C6479E /* Build configuration list for PBXNativeTarget "DeGustoSwiftUI" */ = {
			isa = XCConfigurationList;
			buildConfigurations = (
				607290322897AE0500C6479E /* Debug */,
				607290332897AE0500C6479E /* Release */,
			);
			defaultConfigurationIsVisible = 0;
			defaultConfigurationName = Release;
		};
/* End XCConfigurationList section */
	};
	rootObject = 6072901B2897AE0300C6479E /* Project object */;
}
